
Microsoft Visual Studio Solution File, Format Version 12.00
# Visual Studio Version 17
VisualStudioVersion = 17.4.33213.308
MinimumVisualStudioVersion = 10.0.40219.1
Project("{FAE04EC0-301F-11D3-BF4B-00C04F79EFBC}") = "ADTakeHomeW5", "ADTakeHomeW5\ADTakeHomeW5.csproj", "{28FE0CC4-161C-4356-A61F-C9078825B62D}"
EndProject
Global
	GlobalSection(SolutionConfigurationPlatforms) = preSolution
		Debug|Any CPU = Debug|Any CPU
		Release|Any CPU = Release|Any CPU
	EndGlobalSection
	GlobalSection(ProjectConfigurationPlatforms) = postSolution
		{28FE0CC4-161C-4356-A61F-C9078825B62D}.Debug|Any CPU.ActiveCfg = Debug|Any CPU
		{28FE0CC4-161C-4356-A61F-C9078825B62D}.Debug|Any CPU.Build.0 = Debug|Any CPU
		{28FE0CC4-161C-4356-A61F-C9078825B62D}.Release|Any CPU.ActiveCfg = Release|Any CPU
		{28FE0CC4-161C-4356-A61F-C9078825B62D}.Release|Any CPU.Build.0 = Release|Any CPU
	EndGlobalSection
	GlobalSection(SolutionProperties) = preSolution
		HideSolutionNode = FALSE
	EndGlobalSection
	GlobalSection(ExtensibilityGlobals) = postSolution
		SolutionGuid = {07CF852E-AF01-4952-885B-CC44E2512781}
	EndGlobalSection
EndGlobal
